{
  "originHash" : "9ae856350af2d18a9927e1446a2df319d02fccc85f55a0dfaaf1283f055df285",
  "pins" : [
    {
      "identity" : "lookinserver",
      "kind" : "remoteSourceControl",
      "location" : "https://github.com/QMUI/LookinServer",
      "state" : {
        "revision" : "e553d1b689d147817dc54ad5c28fcff71e860101",
        "version" : "1.2.8"
      }
    }
  ],
  "version" : 3
}
